
Microsoft Visual Studio Solution File, Format Version 12.00
# Visual Studio 14
VisualStudioVersion = 14.0.25420.1
MinimumVisualStudioVersion = 10.0.40219.1
Project("{FAE04EC0-301F-11D3-BF4B-00C04F79EFBC}") = "Wpf", "Wpf\Wpf.csproj", "{A48EBCEE-B25C-463A-A373-B71FAFE133E4}"
EndProject
Project("{FAE04EC0-301F-11D3-BF4B-00C04F79EFBC}") = "WinForms", "WinForms\WinForms.csproj", "{84140C13-13E1-45C5-8D82-88770936A220}"
EndProject
Global
	GlobalSection(SolutionConfigurationPlatforms) = preSolution
		Debug|Any CPU = Debug|Any CPU
		Release|Any CPU = Release|Any CPU
	EndGlobalSection
	GlobalSection(ProjectConfigurationPlatforms) = postSolution
		{A48EBCEE-B25C-463A-A373-B71FAFE133E4}.Debug|Any CPU.ActiveCfg = Debug|Any CPU
		{A48EBCEE-B25C-463A-A373-B71FAFE133E4}.Debug|Any CPU.Build.0 = Debug|Any CPU
		{A48EBCEE-B25C-463A-A373-B71FAFE133E4}.Release|Any CPU.ActiveCfg = Release|Any CPU
		{A48EBCEE-B25C-463A-A373-B71FAFE133E4}.Release|Any CPU.Build.0 = Release|Any CPU
		{84140C13-13E1-45C5-8D82-88770936A220}.Debug|Any CPU.ActiveCfg = Debug|Any CPU
		{84140C13-13E1-45C5-8D82-88770936A220}.Debug|Any CPU.Build.0 = Debug|Any CPU
		{84140C13-13E1-45C5-8D82-88770936A220}.Release|Any CPU.ActiveCfg = Release|Any CPU
		{84140C13-13E1-45C5-8D82-88770936A220}.Release|Any CPU.Build.0 = Release|Any CPU
	EndGlobalSection
	GlobalSection(SolutionProperties) = preSolution
		HideSolutionNode = FALSE
	EndGlobalSection
EndGlobal
